
Microsoft Visual Studio Solution File, Format Version 12.00
# Visual Studio Version 17
VisualStudioVersion = 17.10.35027.167
MinimumVisualStudioVersion = 10.0.40219.1
Project("{2150E333-8FDC-42A3-9474-1A3956D46DE8}") = "src", "src", "{B7669697-5715-4448-A6F0-A04DBDD3DF15}"
EndProject
Project("{2150E333-8FDC-42A3-9474-1A3956D46DE8}") = "Api", "Api", "{DD333D02-381F-412A-978D-A35CCC28A176}"
EndProject
Project("{2150E333-8FDC-42A3-9474-1A3956D46DE8}") = "Core", "Core", "{3FD2BDF5-934C-487E-9A4D-10FF3EA4FE73}"
EndProject
Project("{2150E333-8FDC-42A3-9474-1A3956D46DE8}") = "Infrastructure", "Infrastructure", "{D30CD043-F014-4AAD-9284-85F20A72D9A7}"
EndProject
Project("{2150E333-8FDC-42A3-9474-1A3956D46DE8}") = "Common", "Common", "{8C0F4B1E-4E45-407D-8BD3-001F0080FBA3}"
EndProject
Project("{9A19103F-16F7-4668-BE54-9A1E7A4F7556}") = "Api", "src\Api\Api.csproj", "{829E01B8-BA1D-49CC-93A5-3A56DC77A90D}"
EndProject
Project("{9A19103F-16F7-4668-BE54-9A1E7A4F7556}") = "Domain", "src\Domain\Domain.csproj", "{E1035199-D707-4522-857B-BA2E5C3CC25C}"
EndProject
Project("{9A19103F-16F7-4668-BE54-9A1E7A4F7556}") = "Persistence", "src\Persistence\Persistence.csproj", "{4F10716B-806C-47EF-A103-1846295829F6}"
EndProject
Project("{9A19103F-16F7-4668-BE54-9A1E7A4F7556}") = "External", "src\External\External.csproj", "{E9A0A529-227C-41D0-9CEF-9DE6452EA0C7}"
EndProject
Project("{9A19103F-16F7-4668-BE54-9A1E7A4F7556}") = "Common", "src\Common\Common.csproj", "{E28D5072-E38B-496E-B163-C83879AE30FD}"
EndProject
Project("{9A19103F-16F7-4668-BE54-9A1E7A4F7556}") = "Application", "src\Application\Application.csproj", "{063E2FAF-55A1-4F3F-942F-3A7BF5B4ACA2}"
EndProject
Project("{2150E333-8FDC-42A3-9474-1A3956D46DE8}") = "Test", "Test", "{5C5BEFD9-B68D-45DD-8094-B479826B4892}"
EndProject
Project("{9A19103F-16F7-4668-BE54-9A1E7A4F7556}") = "Test", "Test\Test.csproj", "{01DEBF2A-8793-420C-BC1A-224E089F569C}"
EndProject
Global
	GlobalSection(SolutionConfigurationPlatforms) = preSolution
		Debug|Any CPU = Debug|Any CPU
		Release|Any CPU = Release|Any CPU
	EndGlobalSection
	GlobalSection(ProjectConfigurationPlatforms) = postSolution
		{829E01B8-BA1D-49CC-93A5-3A56DC77A90D}.Debug|Any CPU.ActiveCfg = Debug|Any CPU
		{829E01B8-BA1D-49CC-93A5-3A56DC77A90D}.Debug|Any CPU.Build.0 = Debug|Any CPU
		{829E01B8-BA1D-49CC-93A5-3A56DC77A90D}.Release|Any CPU.ActiveCfg = Release|Any CPU
		{829E01B8-BA1D-49CC-93A5-3A56DC77A90D}.Release|Any CPU.Build.0 = Release|Any CPU
		{E1035199-D707-4522-857B-BA2E5C3CC25C}.Debug|Any CPU.ActiveCfg = Debug|Any CPU
		{E1035199-D707-4522-857B-BA2E5C3CC25C}.Debug|Any CPU.Build.0 = Debug|Any CPU
		{E1035199-D707-4522-857B-BA2E5C3CC25C}.Release|Any CPU.ActiveCfg = Release|Any CPU
		{E1035199-D707-4522-857B-BA2E5C3CC25C}.Release|Any CPU.Build.0 = Release|Any CPU
		{4F10716B-806C-47EF-A103-1846295829F6}.Debug|Any CPU.ActiveCfg = Debug|Any CPU
		{4F10716B-806C-47EF-A103-1846295829F6}.Debug|Any CPU.Build.0 = Debug|Any CPU
		{4F10716B-806C-47EF-A103-1846295829F6}.Release|Any CPU.ActiveCfg = Release|Any CPU
		{4F10716B-806C-47EF-A103-1846295829F6}.Release|Any CPU.Build.0 = Release|Any CPU
		{E9A0A529-227C-41D0-9CEF-9DE6452EA0C7}.Debug|Any CPU.ActiveCfg = Debug|Any CPU
		{E9A0A529-227C-41D0-9CEF-9DE6452EA0C7}.Debug|Any CPU.Build.0 = Debug|Any CPU
		{E9A0A529-227C-41D0-9CEF-9DE6452EA0C7}.Release|Any CPU.ActiveCfg = Release|Any CPU
		{E9A0A529-227C-41D0-9CEF-9DE6452EA0C7}.Release|Any CPU.Build.0 = Release|Any CPU
		{E28D5072-E38B-496E-B163-C83879AE30FD}.Debug|Any CPU.ActiveCfg = Debug|Any CPU
		{E28D5072-E38B-496E-B163-C83879AE30FD}.Debug|Any CPU.Build.0 = Debug|Any CPU
		{E28D5072-E38B-496E-B163-C83879AE30FD}.Release|Any CPU.ActiveCfg = Release|Any CPU
		{E28D5072-E38B-496E-B163-C83879AE30FD}.Release|Any CPU.Build.0 = Release|Any CPU
		{063E2FAF-55A1-4F3F-942F-3A7BF5B4ACA2}.Debug|Any CPU.ActiveCfg = Debug|Any CPU
		{063E2FAF-55A1-4F3F-942F-3A7BF5B4ACA2}.Debug|Any CPU.Build.0 = Debug|Any CPU
		{063E2FAF-55A1-4F3F-942F-3A7BF5B4ACA2}.Release|Any CPU.ActiveCfg = Release|Any CPU
		{063E2FAF-55A1-4F3F-942F-3A7BF5B4ACA2}.Release|Any CPU.Build.0 = Release|Any CPU
		{01DEBF2A-8793-420C-BC1A-224E089F569C}.Debug|Any CPU.ActiveCfg = Debug|Any CPU
		{01DEBF2A-8793-420C-BC1A-224E089F569C}.Debug|Any CPU.Build.0 = Debug|Any CPU
		{01DEBF2A-8793-420C-BC1A-224E089F569C}.Release|Any CPU.ActiveCfg = Release|Any CPU
		{01DEBF2A-8793-420C-BC1A-224E089F569C}.Release|Any CPU.Build.0 = Release|Any CPU
	EndGlobalSection
	GlobalSection(SolutionProperties) = preSolution
		HideSolutionNode = FALSE
	EndGlobalSection
	GlobalSection(NestedProjects) = preSolution
		{DD333D02-381F-412A-978D-A35CCC28A176} = {B7669697-5715-4448-A6F0-A04DBDD3DF15}
		{3FD2BDF5-934C-487E-9A4D-10FF3EA4FE73} = {B7669697-5715-4448-A6F0-A04DBDD3DF15}
		{D30CD043-F014-4AAD-9284-85F20A72D9A7} = {B7669697-5715-4448-A6F0-A04DBDD3DF15}
		{8C0F4B1E-4E45-407D-8BD3-001F0080FBA3} = {B7669697-5715-4448-A6F0-A04DBDD3DF15}
		{829E01B8-BA1D-49CC-93A5-3A56DC77A90D} = {DD333D02-381F-412A-978D-A35CCC28A176}
		{E1035199-D707-4522-857B-BA2E5C3CC25C} = {3FD2BDF5-934C-487E-9A4D-10FF3EA4FE73}
		{4F10716B-806C-47EF-A103-1846295829F6} = {D30CD043-F014-4AAD-9284-85F20A72D9A7}
		{E9A0A529-227C-41D0-9CEF-9DE6452EA0C7} = {D30CD043-F014-4AAD-9284-85F20A72D9A7}
		{E28D5072-E38B-496E-B163-C83879AE30FD} = {8C0F4B1E-4E45-407D-8BD3-001F0080FBA3}
		{063E2FAF-55A1-4F3F-942F-3A7BF5B4ACA2} = {3FD2BDF5-934C-487E-9A4D-10FF3EA4FE73}
		{5C5BEFD9-B68D-45DD-8094-B479826B4892} = {B7669697-5715-4448-A6F0-A04DBDD3DF15}
		{01DEBF2A-8793-420C-BC1A-224E089F569C} = {5C5BEFD9-B68D-45DD-8094-B479826B4892}
	EndGlobalSection
	GlobalSection(ExtensibilityGlobals) = postSolution
		SolutionGuid = {56D12C57-9C4A-451A-8BA9-CCE1F375049C}
	EndGlobalSection
EndGlobal
